
Microsoft Visual Studio Solution File, Format Version 12.00
# Visual Studio Version 16
VisualStudioVersion = 16.0.36631.11
MinimumVisualStudioVersion = 10.0.40219.1
Project("{FAE04EC0-301F-11D3-BF4B-00C04F79EFBC}") = "Bai1", "Bai1.csproj", "{B466F7C6-BE4B-4DAF-97B5-8B83EB7ED201}"
EndProject
Project("{FAE04EC0-301F-11D3-BF4B-00C04F79EFBC}") = "Bai2", "..\Bai2\Bai2.csproj", "{16192FA8-4E2B-47D2-9CC0-A19B30C339B7}"
EndProject
Project("{FAE04EC0-301F-11D3-BF4B-00C04F79EFBC}") = "Bai3", "..\Bai3\Bai3.csproj", "{80DD9FD1-FF99-4F30-AA87-F3A1AB8781D5}"
EndProject
Project("{FAE04EC0-301F-11D3-BF4B-00C04F79EFBC}") = "Bai4", "..\Bai4\Bai4.csproj", "{FF218086-DD39-4953-8A9D-04B7CA044209}"
EndProject
Project("{FAE04EC0-301F-11D3-BF4B-00C04F79EFBC}") = "Bai5", "..\Bai5\Bai5.csproj", "{F85F15D7-D594-4902-8FEB-5C5A655301FC}"
EndProject
Project("{FAE04EC0-301F-11D3-BF4B-00C04F79EFBC}") = "Bai6", "..\Bai6\Bai6.csproj", "{360F35F0-2716-4631-95AA-D7BE18229019}"
EndProject
Project("{FAE04EC0-301F-11D3-BF4B-00C04F79EFBC}") = "Bai7", "..\Bai7\Bai7.csproj", "{06690F54-3CCF-4661-8292-09002A1E1017}"
EndProject
Project("{FAE04EC0-301F-11D3-BF4B-00C04F79EFBC}") = "Bai8", "..\Bai8\Bai8.csproj", "{65511F20-4B57-4996-B345-3D8CCFD2AB18}"
EndProject
Project("{FAE04EC0-301F-11D3-BF4B-00C04F79EFBC}") = "Bai9", "..\Bai9\Bai9.csproj", "{17D45AF4-08BD-4B9B-810C-FB46171E35E8}"
EndProject
Project("{FAE04EC0-301F-11D3-BF4B-00C04F79EFBC}") = "Bai10", "..\Bai10\Bai10.csproj", "{06F842D6-35B5-486F-BCB4-CCC763DE41A8}"
EndProject
Project("{FAE04EC0-301F-11D3-BF4B-00C04F79EFBC}") = "Bai11", "..\Bai11\Bai11.csproj", "{F1FA440F-C54C-4FF5-B5E4-35F8B610C04E}"
EndProject
Project("{FAE04EC0-301F-11D3-BF4B-00C04F79EFBC}") = "Bai12", "..\Bai12\Bai12.csproj", "{B1AFDCF2-5AE1-4DC2-A4AC-9AC1CCA455BB}"
EndProject
Project("{FAE04EC0-301F-11D3-BF4B-00C04F79EFBC}") = "Bai13", "..\Bai13\Bai13.csproj", "{1BB42FD6-44E5-4908-9416-B1052BA8B392}"
EndProject
Project("{FAE04EC0-301F-11D3-BF4B-00C04F79EFBC}") = "Bai14", "..\Bai14\Bai14.csproj", "{80B754F9-C7DA-49C4-8508-EDB6AB0B48C9}"
EndProject
Project("{FAE04EC0-301F-11D3-BF4B-00C04F79EFBC}") = "Bai15", "..\Bai15\Bai15.csproj", "{6A5238FE-1C4C-437C-B682-52FC8CF2AE61}"
EndProject
Project("{FAE04EC0-301F-11D3-BF4B-00C04F79EFBC}") = "Bai16", "..\Bai16\Bai16.csproj", "{7B5D6EB8-5431-4488-AC02-08124A74B69A}"
EndProject
Project("{FAE04EC0-301F-11D3-BF4B-00C04F79EFBC}") = "Bai17", "..\Bai17\Bai17.csproj", "{8E91ED64-9260-4942-A7F4-348F6C2D413E}"
EndProject
Project("{FAE04EC0-301F-11D3-BF4B-00C04F79EFBC}") = "Bai18", "..\Bai18\Bai18.csproj", "{537FDF38-93B0-425C-9740-2BDB68C2901D}"
EndProject
Project("{FAE04EC0-301F-11D3-BF4B-00C04F79EFBC}") = "Bai19", "..\Bai19\Bai19.csproj", "{B1CD43EB-872B-4F2A-910F-D3485B1479DB}"
EndProject
Project("{FAE04EC0-301F-11D3-BF4B-00C04F79EFBC}") = "Bai20", "..\Bai20\Bai20.csproj", "{A16CAC64-0004-483C-AE07-9F3BF30EDDEF}"
EndProject
Project("{FAE04EC0-301F-11D3-BF4B-00C04F79EFBC}") = "Baitaptrenlop", "..\Baitaptrenlop\Baitaptrenlop.csproj", "{BB67B241-7620-47A8-80FB-A1072D6CCA4D}"
EndProject
Global
	GlobalSection(SolutionConfigurationPlatforms) = preSolution
		Debug|Any CPU = Debug|Any CPU
		Release|Any CPU = Release|Any CPU
	EndGlobalSection
	GlobalSection(ProjectConfigurationPlatforms) = postSolution
		{B466F7C6-BE4B-4DAF-97B5-8B83EB7ED201}.Debug|Any CPU.ActiveCfg = Debug|Any CPU
		{B466F7C6-BE4B-4DAF-97B5-8B83EB7ED201}.Debug|Any CPU.Build.0 = Debug|Any CPU
		{B466F7C6-BE4B-4DAF-97B5-8B83EB7ED201}.Release|Any CPU.ActiveCfg = Release|Any CPU
		{B466F7C6-BE4B-4DAF-97B5-8B83EB7ED201}.Release|Any CPU.Build.0 = Release|Any CPU
		{16192FA8-4E2B-47D2-9CC0-A19B30C339B7}.Debug|Any CPU.ActiveCfg = Debug|Any CPU
		{16192FA8-4E2B-47D2-9CC0-A19B30C339B7}.Debug|Any CPU.Build.0 = Debug|Any CPU
		{16192FA8-4E2B-47D2-9CC0-A19B30C339B7}.Release|Any CPU.ActiveCfg = Release|Any CPU
		{16192FA8-4E2B-47D2-9CC0-A19B30C339B7}.Release|Any CPU.Build.0 = Release|Any CPU
		{80DD9FD1-FF99-4F30-AA87-F3A1AB8781D5}.Debug|Any CPU.ActiveCfg = Debug|Any CPU
		{80DD9FD1-FF99-4F30-AA87-F3A1AB8781D5}.Debug|Any CPU.Build.0 = Debug|Any CPU
		{80DD9FD1-FF99-4F30-AA87-F3A1AB8781D5}.Release|Any CPU.ActiveCfg = Release|Any CPU
		{80DD9FD1-FF99-4F30-AA87-F3A1AB8781D5}.Release|Any CPU.Build.0 = Release|Any CPU
		{FF218086-DD39-4953-8A9D-04B7CA044209}.Debug|Any CPU.ActiveCfg = Debug|Any CPU
		{FF218086-DD39-4953-8A9D-04B7CA044209}.Debug|Any CPU.Build.0 = Debug|Any CPU
		{FF218086-DD39-4953-8A9D-04B7CA044209}.Release|Any CPU.ActiveCfg = Release|Any CPU
		{FF218086-DD39-4953-8A9D-04B7CA044209}.Release|Any CPU.Build.0 = Release|Any CPU
		{F85F15D7-D594-4902-8FEB-5C5A655301FC}.Debug|Any CPU.ActiveCfg = Debug|Any CPU
		{F85F15D7-D594-4902-8FEB-5C5A655301FC}.Debug|Any CPU.Build.0 = Debug|Any CPU
		{F85F15D7-D594-4902-8FEB-5C5A655301FC}.Release|Any CPU.ActiveCfg = Release|Any CPU
		{F85F15D7-D594-4902-8FEB-5C5A655301FC}.Release|Any CPU.Build.0 = Release|Any CPU
		{360F35F0-2716-4631-95AA-D7BE18229019}.Debug|Any CPU.ActiveCfg = Debug|Any CPU
		{360F35F0-2716-4631-95AA-D7BE18229019}.Debug|Any CPU.Build.0 = Debug|Any CPU
		{360F35F0-2716-4631-95AA-D7BE18229019}.Release|Any CPU.ActiveCfg = Release|Any CPU
		{360F35F0-2716-4631-95AA-D7BE18229019}.Release|Any CPU.Build.0 = Release|Any CPU
		{06690F54-3CCF-4661-8292-09002A1E1017}.Debug|Any CPU.ActiveCfg = Debug|Any CPU
		{06690F54-3CCF-4661-8292-09002A1E1017}.Debug|Any CPU.Build.0 = Debug|Any CPU
		{06690F54-3CCF-4661-8292-09002A1E1017}.Release|Any CPU.ActiveCfg = Release|Any CPU
		{06690F54-3CCF-4661-8292-09002A1E1017}.Release|Any CPU.Build.0 = Release|Any CPU
		{65511F20-4B57-4996-B345-3D8CCFD2AB18}.Debug|Any CPU.ActiveCfg = Debug|Any CPU
		{65511F20-4B57-4996-B345-3D8CCFD2AB18}.Debug|Any CPU.Build.0 = Debug|Any CPU
		{65511F20-4B57-4996-B345-3D8CCFD2AB18}.Release|Any CPU.ActiveCfg = Release|Any CPU
		{65511F20-4B57-4996-B345-3D8CCFD2AB18}.Release|Any CPU.Build.0 = Release|Any CPU
		{17D45AF4-08BD-4B9B-810C-FB46171E35E8}.Debug|Any CPU.ActiveCfg = Debug|Any CPU
		{17D45AF4-08BD-4B9B-810C-FB46171E35E8}.Debug|Any CPU.Build.0 = Debug|Any CPU
		{17D45AF4-08BD-4B9B-810C-FB46171E35E8}.Release|Any CPU.ActiveCfg = Release|Any CPU
		{17D45AF4-08BD-4B9B-810C-FB46171E35E8}.Release|Any CPU.Build.0 = Release|Any CPU
		{06F842D6-35B5-486F-BCB4-CCC763DE41A8}.Debug|Any CPU.ActiveCfg = Debug|Any CPU
		{06F842D6-35B5-486F-BCB4-CCC763DE41A8}.Debug|Any CPU.Build.0 = Debug|Any CPU
		{06F842D6-35B5-486F-BCB4-CCC763DE41A8}.Release|Any CPU.ActiveCfg = Release|Any CPU
		{06F842D6-35B5-486F-BCB4-CCC763DE41A8}.Release|Any CPU.Build.0 = Release|Any CPU
		{F1FA440F-C54C-4FF5-B5E4-35F8B610C04E}.Debug|Any CPU.ActiveCfg = Debug|Any CPU
		{F1FA440F-C54C-4FF5-B5E4-35F8B610C04E}.Debug|Any CPU.Build.0 = Debug|Any CPU
		{F1FA440F-C54C-4FF5-B5E4-35F8B610C04E}.Release|Any CPU.ActiveCfg = Release|Any CPU
		{F1FA440F-C54C-4FF5-B5E4-35F8B610C04E}.Release|Any CPU.Build.0 = Release|Any CPU
		{B1AFDCF2-5AE1-4DC2-A4AC-9AC1CCA455BB}.Debug|Any CPU.ActiveCfg = Debug|Any CPU
		{B1AFDCF2-5AE1-4DC2-A4AC-9AC1CCA455BB}.Debug|Any CPU.Build.0 = Debug|Any CPU
		{B1AFDCF2-5AE1-4DC2-A4AC-9AC1CCA455BB}.Release|Any CPU.ActiveCfg = Release|Any CPU
		{B1AFDCF2-5AE1-4DC2-A4AC-9AC1CCA455BB}.Release|Any CPU.Build.0 = Release|Any CPU
		{1BB42FD6-44E5-4908-9416-B1052BA8B392}.Debug|Any CPU.ActiveCfg = Debug|Any CPU
		{1BB42FD6-44E5-4908-9416-B1052BA8B392}.Debug|Any CPU.Build.0 = Debug|Any CPU
		{1BB42FD6-44E5-4908-9416-B1052BA8B392}.Release|Any CPU.ActiveCfg = Release|Any CPU
		{1BB42FD6-44E5-4908-9416-B1052BA8B392}.Release|Any CPU.Build.0 = Release|Any CPU
		{80B754F9-C7DA-49C4-8508-EDB6AB0B48C9}.Debug|Any CPU.ActiveCfg = Debug|Any CPU
		{80B754F9-C7DA-49C4-8508-EDB6AB0B48C9}.Debug|Any CPU.Build.0 = Debug|Any CPU
		{80B754F9-C7DA-49C4-8508-EDB6AB0B48C9}.Release|Any CPU.ActiveCfg = Release|Any CPU
		{80B754F9-C7DA-49C4-8508-EDB6AB0B48C9}.Release|Any CPU.Build.0 = Release|Any CPU
		{6A5238FE-1C4C-437C-B682-52FC8CF2AE61}.Debug|Any CPU.ActiveCfg = Debug|Any CPU
		{6A5238FE-1C4C-437C-B682-52FC8CF2AE61}.Debug|Any CPU.Build.0 = Debug|Any CPU
		{6A5238FE-1C4C-437C-B682-52FC8CF2AE61}.Release|Any CPU.ActiveCfg = Release|Any CPU
		{6A5238FE-1C4C-437C-B682-52FC8CF2AE61}.Release|Any CPU.Build.0 = Release|Any CPU
		{7B5D6EB8-5431-4488-AC02-08124A74B69A}.Debug|Any CPU.ActiveCfg = Debug|Any CPU
		{7B5D6EB8-5431-4488-AC02-08124A74B69A}.Debug|Any CPU.Build.0 = Debug|Any CPU
		{7B5D6EB8-5431-4488-AC02-08124A74B69A}.Release|Any CPU.ActiveCfg = Release|Any CPU
		{7B5D6EB8-5431-4488-AC02-08124A74B69A}.Release|Any CPU.Build.0 = Release|Any CPU
		{8E91ED64-9260-4942-A7F4-348F6C2D413E}.Debug|Any CPU.ActiveCfg = Debug|Any CPU
		{8E91ED64-9260-4942-A7F4-348F6C2D413E}.Debug|Any CPU.Build.0 = Debug|Any CPU
		{8E91ED64-9260-4942-A7F4-348F6C2D413E}.Release|Any CPU.ActiveCfg = Release|Any CPU
		{8E91ED64-9260-4942-A7F4-348F6C2D413E}.Release|Any CPU.Build.0 = Release|Any CPU
		{537FDF38-93B0-425C-9740-2BDB68C2901D}.Debug|Any CPU.ActiveCfg = Debug|Any CPU
		{537FDF38-93B0-425C-9740-2BDB68C2901D}.Debug|Any CPU.Build.0 = Debug|Any CPU
		{537FDF38-93B0-425C-9740-2BDB68C2901D}.Release|Any CPU.ActiveCfg = Release|Any CPU
		{537FDF38-93B0-425C-9740-2BDB68C2901D}.Release|Any CPU.Build.0 = Release|Any CPU
		{B1CD43EB-872B-4F2A-910F-D3485B1479DB}.Debug|Any CPU.ActiveCfg = Debug|Any CPU
		{B1CD43EB-872B-4F2A-910F-D3485B1479DB}.Debug|Any CPU.Build.0 = Debug|Any CPU
		{B1CD43EB-872B-4F2A-910F-D3485B1479DB}.Release|Any CPU.ActiveCfg = Release|Any CPU
		{B1CD43EB-872B-4F2A-910F-D3485B1479DB}.Release|Any CPU.Build.0 = Release|Any CPU
		{A16CAC64-0004-483C-AE07-9F3BF30EDDEF}.Debug|Any CPU.ActiveCfg = Debug|Any CPU
		{A16CAC64-0004-483C-AE07-9F3BF30EDDEF}.Debug|Any CPU.Build.0 = Debug|Any CPU
		{A16CAC64-0004-483C-AE07-9F3BF30EDDEF}.Release|Any CPU.ActiveCfg = Release|Any CPU
		{A16CAC64-0004-483C-AE07-9F3BF30EDDEF}.Release|Any CPU.Build.0 = Release|Any CPU
		{BB67B241-7620-47A8-80FB-A1072D6CCA4D}.Debug|Any CPU.ActiveCfg = Debug|Any CPU
		{BB67B241-7620-47A8-80FB-A1072D6CCA4D}.Debug|Any CPU.Build.0 = Debug|Any CPU
		{BB67B241-7620-47A8-80FB-A1072D6CCA4D}.Release|Any CPU.ActiveCfg = Release|Any CPU
		{BB67B241-7620-47A8-80FB-A1072D6CCA4D}.Release|Any CPU.Build.0 = Release|Any CPU
	EndGlobalSection
	GlobalSection(SolutionProperties) = preSolution
		HideSolutionNode = FALSE
	EndGlobalSection
	GlobalSection(ExtensibilityGlobals) = postSolution
		SolutionGuid = {3FFD2997-F58C-43A6-B078-F5D52D7A4C83}
	EndGlobalSection
EndGlobal
